github.com/jygastaud/hugo-microtypo v0.0.0-20191210230825-1465a9b896bf h1:JXgVeFS5+g5O+HxfZ0enmT36cbnNjewMIwEB3shmflE=
github.com/jygastaud/hugo-microtypo v0.0.0-20191210231205-ad96c6eb4194 h1:+GN2tFPsahTBrNLTtF5uUo48aLfTjlSOJAnQWNiNrso=
github.com/jygastaud/hugo-microtypo/microtypo v0.0.0-20191210231205-ad96c6eb4194 h1:DcI/rQ9WCnzEXrGs4nclyB8SOIgemJN2ThOEx9TZewU=
github.com/jygastaud/hugo-microtypo/microtypo v0.0.0-20191210231205-ad96c6eb4194/go.mod h1:ne94VGyu35qW72mRXM/jV5RDZ0HScRBljlPULvDgqUY=
